// !$*UTF8*$!
{
	archiveVersion = 1;
	classes = {
	};
	objectVersion = 55;
	objects = {

/* Begin PBXBuildFile section */
		8229652094AB6CF209E84547 /* Pods_RxSwift_Study.framework in Frameworks */ = {isa = PBXBuildFile; fileRef = 992084648083D15596464A2D /* Pods_RxSwift_Study.framework */; };
		BE19CDC629297F2500273776 /* APIClient.swift in Sources */ = {isa = PBXBuildFile; fileRef = BE19CDC529297F2500273776 /* APIClient.swift */; };
		BE19CDC929297F8300273776 /* AuthManaging.swift in Sources */ = {isa = PBXBuildFile; fileRef = BE19CDC829297F8300273776 /* AuthManaging.swift */; };
		BE19CDCB292980F300273776 /* AuthManager.swift in Sources */ = {isa = PBXBuildFile; fileRef = BE19CDCA292980F300273776 /* AuthManager.swift */; };
		BE5EDBA9290AFB3100C994A4 /* SignUpViewController.swift in Sources */ = {isa = PBXBuildFile; fileRef = BE5EDBA8290AFB3100C994A4 /* SignUpViewController.swift */; };
		BE5EDBAB290B038D00C994A4 /* ViewCodeBuildable.swift in Sources */ = {isa = PBXBuildFile; fileRef = BE5EDBAA290B038D00C994A4 /* ViewCodeBuildable.swift */; };
		BE613390292BA01700A28AE3 /* Endpoint.swift in Sources */ = {isa = PBXBuildFile; fileRef = BE61338F292BA01700A28AE3 /* Endpoint.swift */; };
		BE613394292BA49500A28AE3 /* UserEndpoint.swift in Sources */ = {isa = PBXBuildFile; fileRef = BE613393292BA49500A28AE3 /* UserEndpoint.swift */; };
		BE613398292BB6CC00A28AE3 /* TodoAPIClient.swift in Sources */ = {isa = PBXBuildFile; fileRef = BE613397292BB6CC00A28AE3 /* TodoAPIClient.swift */; };
		BE61339B292BBDCC00A28AE3 /* UserService.swift in Sources */ = {isa = PBXBuildFile; fileRef = BE61339A292BBDCC00A28AE3 /* UserService.swift */; };
		BE61339E292BC1C500A28AE3 /* User.swift in Sources */ = {isa = PBXBuildFile; fileRef = BE61339D292BC1C500A28AE3 /* User.swift */; };
		BE6133A1292BC4FB00A28AE3 /* User+Decodable.swift in Sources */ = {isa = PBXBuildFile; fileRef = BE6133A0292BC4FB00A28AE3 /* User+Decodable.swift */; };
		BE6133A4292BC70000A28AE3 /* UserService+Rx.swift in Sources */ = {isa = PBXBuildFile; fileRef = BE6133A3292BC70000A28AE3 /* UserService+Rx.swift */; };
		BE709BFD292D15F2005ADA33 /* ViewControllerFactoring.swift in Sources */ = {isa = PBXBuildFile; fileRef = BE709BFC292D15F2005ADA33 /* ViewControllerFactoring.swift */; };
		BE709BFF292D1677005ADA33 /* LoginVCFactory.swift in Sources */ = {isa = PBXBuildFile; fileRef = BE709BFE292D1677005ADA33 /* LoginVCFactory.swift */; };
		BE812AE429339F1D00F1AB94 /* BaseViewController.swift in Sources */ = {isa = PBXBuildFile; fileRef = BE812AE329339F1D00F1AB94 /* BaseViewController.swift */; };
		BEB82E82290821AC0075E6D9 /* AppDelegate.swift in Sources */ = {isa = PBXBuildFile; fileRef = BEB82E81290821AC0075E6D9 /* AppDelegate.swift */; };
		BEB82E84290821AC0075E6D9 /* SceneDelegate.swift in Sources */ = {isa = PBXBuildFile; fileRef = BEB82E83290821AC0075E6D9 /* SceneDelegate.swift */; };
		BEB82E86290821AC0075E6D9 /* LoginViewController.swift in Sources */ = {isa = PBXBuildFile; fileRef = BEB82E85290821AC0075E6D9 /* LoginViewController.swift */; };
		BEB82E8B290821B60075E6D9 /* Assets.xcassets in Resources */ = {isa = PBXBuildFile; fileRef = BEB82E8A290821B60075E6D9 /* Assets.xcassets */; };
		BEB82E8E290821B60075E6D9 /* LaunchScreen.storyboard in Resources */ = {isa = PBXBuildFile; fileRef = BEB82E8C290821B60075E6D9 /* LaunchScreen.storyboard */; };
		BEDBB99E292E61B5006023E9 /* UIViewController+Helper.swift in Sources */ = {isa = PBXBuildFile; fileRef = BEDBB99D292E61B5006023E9 /* UIViewController+Helper.swift */; };
/* End PBXBuildFile section */

/* Begin PBXFileReference section */
		97F1BE09D57C0B2CF355369F /* Pods-RxSwift-Study.release.xcconfig */ = {isa = PBXFileReference; includeInIndex = 1; lastKnownFileType = text.xcconfig; name = "Pods-RxSwift-Study.release.xcconfig"; path = "Target Support Files/Pods-RxSwift-Study/Pods-RxSwift-Study.release.xcconfig"; sourceTree = "<group>"; };
		992084648083D15596464A2D /* Pods_RxSwift_Study.framework */ = {isa = PBXFileReference; explicitFileType = wrapper.framework; includeInIndex = 0; path = Pods_RxSwift_Study.framework; sourceTree = BUILT_PRODUCTS_DIR; };
		BE19CDC529297F2500273776 /* APIClient.swift */ = {isa = PBXFileReference; lastKnownFileType = sourcecode.swift; path = APIClient.swift; sourceTree = "<group>"; };
		BE19CDC829297F8300273776 /* AuthManaging.swift */ = {isa = PBXFileReference; lastKnownFileType = sourcecode.swift; path = AuthManaging.swift; sourceTree = "<group>"; };
		BE19CDCA292980F300273776 /* AuthManager.swift */ = {isa = PBXFileReference; lastKnownFileType = sourcecode.swift; path = AuthManager.swift; sourceTree = "<group>"; };
		BE5EDBA8290AFB3100C994A4 /* SignUpViewController.swift */ = {isa = PBXFileReference; lastKnownFileType = sourcecode.swift; path = SignUpViewController.swift; sourceTree = "<group>"; };
		BE5EDBAA290B038D00C994A4 /* ViewCodeBuildable.swift */ = {isa = PBXFileReference; lastKnownFileType = sourcecode.swift; path = ViewCodeBuildable.swift; sourceTree = "<group>"; };
		BE61338F292BA01700A28AE3 /* Endpoint.swift */ = {isa = PBXFileReference; lastKnownFileType = sourcecode.swift; path = Endpoint.swift; sourceTree = "<group>"; };
		BE613393292BA49500A28AE3 /* UserEndpoint.swift */ = {isa = PBXFileReference; lastKnownFileType = sourcecode.swift; path = UserEndpoint.swift; sourceTree = "<group>"; };
		BE613397292BB6CC00A28AE3 /* TodoAPIClient.swift */ = {isa = PBXFileReference; lastKnownFileType = sourcecode.swift; path = TodoAPIClient.swift; sourceTree = "<group>"; };
		BE61339A292BBDCC00A28AE3 /* UserService.swift */ = {isa = PBXFileReference; lastKnownFileType = sourcecode.swift; path = UserService.swift; sourceTree = "<group>"; };
		BE61339D292BC1C500A28AE3 /* User.swift */ = {isa = PBXFileReference; lastKnownFileType = sourcecode.swift; path = User.swift; sourceTree = "<group>"; };
		BE6133A0292BC4FB00A28AE3 /* User+Decodable.swift */ = {isa = PBXFileReference; lastKnownFileType = sourcecode.swift; path = "User+Decodable.swift"; sourceTree = "<group>"; };
		BE6133A3292BC70000A28AE3 /* UserService+Rx.swift */ = {isa = PBXFileReference; lastKnownFileType = sourcecode.swift; path = "UserService+Rx.swift"; sourceTree = "<group>"; };
		BE709BFC292D15F2005ADA33 /* ViewControllerFactoring.swift */ = {isa = PBXFileReference; lastKnownFileType = sourcecode.swift; path = ViewControllerFactoring.swift; sourceTree = "<group>"; };
		BE709BFE292D1677005ADA33 /* LoginVCFactory.swift */ = {isa = PBXFileReference; lastKnownFileType = sourcecode.swift; path = LoginVCFactory.swift; sourceTree = "<group>"; };
		BE812AE329339F1D00F1AB94 /* BaseViewController.swift */ = {isa = PBXFileReference; lastKnownFileType = sourcecode.swift; path = BaseViewController.swift; sourceTree = "<group>"; };
		BEB82E7E290821AC0075E6D9 /* RxSwift-Study.app */ = {isa = PBXFileReference; explicitFileType = wrapper.application; includeInIndex = 0; path = "RxSwift-Study.app"; sourceTree = BUILT_PRODUCTS_DIR; };
		BEB82E81290821AC0075E6D9 /* AppDelegate.swift */ = {isa = PBXFileReference; lastKnownFileType = sourcecode.swift; path = AppDelegate.swift; sourceTree = "<group>"; };
		BEB82E83290821AC0075E6D9 /* SceneDelegate.swift */ = {isa = PBXFileReference; lastKnownFileType = sourcecode.swift; path = SceneDelegate.swift; sourceTree = "<group>"; };
		BEB82E85290821AC0075E6D9 /* LoginViewController.swift */ = {isa = PBXFileReference; lastKnownFileType = sourcecode.swift; path = LoginViewController.swift; sourceTree = "<group>"; };
		BEB82E8A290821B60075E6D9 /* Assets.xcassets */ = {isa = PBXFileReference; lastKnownFileType = folder.assetcatalog; path = Assets.xcassets; sourceTree = "<group>"; };
		BEB82E8D290821B60075E6D9 /* Base */ = {isa = PBXFileReference; lastKnownFileType = file.storyboard; name = Base; path = Base.lproj/LaunchScreen.storyboard; sourceTree = "<group>"; };
		BEB82E8F290821B60075E6D9 /* Info.plist */ = {isa = PBXFileReference; lastKnownFileType = text.plist.xml; path = Info.plist; sourceTree = "<group>"; };
		BEDBB99D292E61B5006023E9 /* UIViewController+Helper.swift */ = {isa = PBXFileReference; lastKnownFileType = sourcecode.swift; path = "UIViewController+Helper.swift"; sourceTree = "<group>"; };
		DDFD253FA1FDE57C016E64BE /* Pods-RxSwift-Study.debug.xcconfig */ = {isa = PBXFileReference; includeInIndex = 1; lastKnownFileType = text.xcconfig; name = "Pods-RxSwift-Study.debug.xcconfig"; path = "Target Support Files/Pods-RxSwift-Study/Pods-RxSwift-Study.debug.xcconfig"; sourceTree = "<group>"; };
/* End PBXFileReference section */

/* Begin PBXFrameworksBuildPhase section */
		BEB82E7B290821AC0075E6D9 /* Frameworks */ = {
			isa = PBXFrameworksBuildPhase;
			buildActionMask = 2147483647;
			files = (
				8229652094AB6CF209E84547 /* Pods_RxSwift_Study.framework in Frameworks */,
			);
			runOnlyForDeploymentPostprocessing = 0;
		};
/* End PBXFrameworksBuildPhase section */

/* Begin PBXGroup section */
		10FCD47F917260B4C5AB9971 /* Frameworks */ = {
			isa = PBXGroup;
			children = (
				992084648083D15596464A2D /* Pods_RxSwift_Study.framework */,
			);
			name = Frameworks;
			sourceTree = "<group>";
		};
		91EA54E4F032A75C44C20F70 /* Pods */ = {
			isa = PBXGroup;
			children = (
				DDFD253FA1FDE57C016E64BE /* Pods-RxSwift-Study.debug.xcconfig */,
				97F1BE09D57C0B2CF355369F /* Pods-RxSwift-Study.release.xcconfig */,
			);
			path = Pods;
			sourceTree = "<group>";
		};
		BE19CDC729297F6600273776 /* Auth */ = {
			isa = PBXGroup;
			children = (
				BE19CDC829297F8300273776 /* AuthManaging.swift */,
				BE19CDCA292980F300273776 /* AuthManager.swift */,
			);
			path = Auth;
			sourceTree = "<group>";
		};
		BE613391292BA47300A28AE3 /* TodoAPI */ = {
			isa = PBXGroup;
			children = (
				BE6133A2292BC6E200A28AE3 /* Rx */,
				BE61339F292BC4DF00A28AE3 /* DecodableModel */,
				BE613399292BBDB900A28AE3 /* Service */,
				BE613392292BA48500A28AE3 /* Endpoints */,
				BE613397292BB6CC00A28AE3 /* TodoAPIClient.swift */,
			);
			path = TodoAPI;
			sourceTree = "<group>";
		};
		BE613392292BA48500A28AE3 /* Endpoints */ = {
			isa = PBXGroup;
			children = (
				BE613393292BA49500A28AE3 /* UserEndpoint.swift */,
			);
			path = Endpoints;
			sourceTree = "<group>";
		};
		BE613399292BBDB900A28AE3 /* Service */ = {
			isa = PBXGroup;
			children = (
				BE61339A292BBDCC00A28AE3 /* UserService.swift */,
			);
			path = Service;
			sourceTree = "<group>";
		};
		BE61339C292BC1B800A28AE3 /* Model */ = {
			isa = PBXGroup;
			children = (
				BE61339D292BC1C500A28AE3 /* User.swift */,
			);
			path = Model;
			sourceTree = "<group>";
		};
		BE61339F292BC4DF00A28AE3 /* DecodableModel */ = {
			isa = PBXGroup;
			children = (
				BE6133A0292BC4FB00A28AE3 /* User+Decodable.swift */,
			);
			path = DecodableModel;
			sourceTree = "<group>";
		};
		BE6133A2292BC6E200A28AE3 /* Rx */ = {
			isa = PBXGroup;
			children = (
				BE6133A3292BC70000A28AE3 /* UserService+Rx.swift */,
			);
			path = Rx;
			sourceTree = "<group>";
		};
		BE709BFB292D157F005ADA33 /* Factory */ = {
			isa = PBXGroup;
			children = (
				BE709BFC292D15F2005ADA33 /* ViewControllerFactoring.swift */,
				BE709BFE292D1677005ADA33 /* LoginVCFactory.swift */,
			);
			path = Factory;
			sourceTree = "<group>";
		};
		BEAF3989292822B800B4ED91 /* View */ = {
			isa = PBXGroup;
			children = (
				BE709BFB292D157F005ADA33 /* Factory */,
				BEB82E85290821AC0075E6D9 /* LoginViewController.swift */,
				BE5EDBA8290AFB3100C994A4 /* SignUpViewController.swift */,
				BE5EDBAA290B038D00C994A4 /* ViewCodeBuildable.swift */,
				BE812AE329339F1D00F1AB94 /* BaseViewController.swift */,
			);
			path = View;
			sourceTree = "<group>";
		};
		BEAF398A292822C600B4ED91 /* Networking */ = {
			isa = PBXGroup;
			children = (
				BE613391292BA47300A28AE3 /* TodoAPI */,
				BE19CDC729297F6600273776 /* Auth */,
				BE19CDC529297F2500273776 /* APIClient.swift */,
				BE61338F292BA01700A28AE3 /* Endpoint.swift */,
			);
			path = Networking;
			sourceTree = "<group>";
		};
		BEB82E75290821AC0075E6D9 = {
			isa = PBXGroup;
			children = (
				BEB82E80290821AC0075E6D9 /* RxSwift-Study */,
				BEB82E7F290821AC0075E6D9 /* Products */,
				91EA54E4F032A75C44C20F70 /* Pods */,
				10FCD47F917260B4C5AB9971 /* Frameworks */,
			);
			sourceTree = "<group>";
		};
		BEB82E7F290821AC0075E6D9 /* Products */ = {
			isa = PBXGroup;
			children = (
				BEB82E7E290821AC0075E6D9 /* RxSwift-Study.app */,
			);
			name = Products;
			sourceTree = "<group>";
		};
		BEB82E80290821AC0075E6D9 /* RxSwift-Study */ = {
			isa = PBXGroup;
			children = (
				BE61339C292BC1B800A28AE3 /* Model */,
				BEAF398A292822C600B4ED91 /* Networking */,
				BEAF3989292822B800B4ED91 /* View */,
				BEDBB99C292E6192006023E9 /* Helper */,
				BEB82E81290821AC0075E6D9 /* AppDelegate.swift */,
				BEB82E83290821AC0075E6D9 /* SceneDelegate.swift */,
				BEB82E8A290821B60075E6D9 /* Assets.xcassets */,
				BEB82E8C290821B60075E6D9 /* LaunchScreen.storyboard */,
				BEB82E8F290821B60075E6D9 /* Info.plist */,
			);
			path = "RxSwift-Study";
			sourceTree = "<group>";
		};
		BEDBB99C292E6192006023E9 /* Helper */ = {
			isa = PBXGroup;
			children = (
				BEDBB99D292E61B5006023E9 /* UIViewController+Helper.swift */,
			);
			path = Helper;
			sourceTree = "<group>";
		};
/* End PBXGroup section */

/* Begin PBXNativeTarget section */
		BEB82E7D290821AC0075E6D9 /* RxSwift-Study */ = {
			isa = PBXNativeTarget;
			buildConfigurationList = BEB82E92290821B60075E6D9 /* Build configuration list for PBXNativeTarget "RxSwift-Study" */;
			buildPhases = (
				9DC896DBD4FA1C4FE689DD3B /* [CP] Check Pods Manifest.lock */,
				BEB82E7A290821AC0075E6D9 /* Sources */,
				BEB82E7B290821AC0075E6D9 /* Frameworks */,
				BEB82E7C290821AC0075E6D9 /* Resources */,
				6E0CBCAC718642FABF7CDB6F /* [CP] Embed Pods Frameworks */,
			);
			buildRules = (
			);
			dependencies = (
			);
			name = "RxSwift-Study";
			productName = "RxSwift-Study";
			productReference = BEB82E7E290821AC0075E6D9 /* RxSwift-Study.app */;
			productType = "com.apple.product-type.application";
		};
/* End PBXNativeTarget section */

/* Begin PBXProject section */
		BEB82E76290821AC0075E6D9 /* Project object */ = {
			isa = PBXProject;
			attributes = {
				BuildIndependentTargetsInParallel = 1;
				LastSwiftUpdateCheck = 1340;
				LastUpgradeCheck = 1340;
				TargetAttributes = {
					BEB82E7D290821AC0075E6D9 = {
						CreatedOnToolsVersion = 13.4.1;
					};
				};
			};
			buildConfigurationList = BEB82E79290821AC0075E6D9 /* Build configuration list for PBXProject "RxSwift-Study" */;
			compatibilityVersion = "Xcode 13.0";
			developmentRegion = en;
			hasScannedForEncodings = 0;
			knownRegions = (
				en,
				Base,
			);
			mainGroup = BEB82E75290821AC0075E6D9;
			productRefGroup = BEB82E7F290821AC0075E6D9 /* Products */;
			projectDirPath = "";
			projectRoot = "";
			targets = (
				BEB82E7D290821AC0075E6D9 /* RxSwift-Study */,
			);
		};
/* End PBXProject section */

/* Begin PBXResourcesBuildPhase section */
		BEB82E7C290821AC0075E6D9 /* Resources */ = {
			isa = PBXResourcesBuildPhase;
			buildActionMask = 2147483647;
			files = (
				BEB82E8E290821B60075E6D9 /* LaunchScreen.storyboard in Resources */,
				BEB82E8B290821B60075E6D9 /* Assets.xcassets in Resources */,
			);
			runOnlyForDeploymentPostprocessing = 0;
		};
/* End PBXResourcesBuildPhase section */

/* Begin PBXShellScriptBuildPhase section */
		6E0CBCAC718642FABF7CDB6F /* [CP] Embed Pods Frameworks */ = {
			isa = PBXShellScriptBuildPhase;
			buildActionMask = 2147483647;
			files = (
			);
			inputFileListPaths = (
				"${PODS_ROOT}/Target Support Files/Pods-RxSwift-Study/Pods-RxSwift-Study-frameworks-${CONFIGURATION}-input-files.xcfilelist",
			);
			name = "[CP] Embed Pods Frameworks";
			outputFileListPaths = (
				"${PODS_ROOT}/Target Support Files/Pods-RxSwift-Study/Pods-RxSwift-Study-frameworks-${CONFIGURATION}-output-files.xcfilelist",
			);
			runOnlyForDeploymentPostprocessing = 0;
			shellPath = /bin/sh;
			shellScript = "\"${PODS_ROOT}/Target Support Files/Pods-RxSwift-Study/Pods-RxSwift-Study-frameworks.sh\"\n";
			showEnvVarsInLog = 0;
		};
		9DC896DBD4FA1C4FE689DD3B /* [CP] Check Pods Manifest.lock */ = {
			isa = PBXShellScriptBuildPhase;
			buildActionMask = 2147483647;
			files = (
			);
			inputFileListPaths = (
			);
			inputPaths = (
				"${PODS_PODFILE_DIR_PATH}/Podfile.lock",
				"${PODS_ROOT}/Manifest.lock",
			);
			name = "[CP] Check Pods Manifest.lock";
			outputFileListPaths = (
			);
			outputPaths = (
				"$(DERIVED_FILE_DIR)/Pods-RxSwift-Study-checkManifestLockResult.txt",
			);
			runOnlyForDeploymentPostprocessing = 0;
			shellPath = /bin/sh;
			shellScript = "diff \"${PODS_PODFILE_DIR_PATH}/Podfile.lock\" \"${PODS_ROOT}/Manifest.lock\" > /dev/null\nif [ $? != 0 ] ; then\n    # print error to STDERR\n    echo \"error: The sandbox is not in sync with the Podfile.lock. Run 'pod install' or update your CocoaPods installation.\" >&2\n    exit 1\nfi\n# This output is used by Xcode 'outputs' to avoid re-running this script phase.\necho \"SUCCESS\" > \"${SCRIPT_OUTPUT_FILE_0}\"\n";
			showEnvVarsInLog = 0;
		};
/* End PBXShellScriptBuildPhase section */

/* Begin PBXSourcesBuildPhase section */
		BEB82E7A290821AC0075E6D9 /* Sources */ = {
			isa = PBXSourcesBuildPhase;
			buildActionMask = 2147483647;
			files = (
				BE61339E292BC1C500A28AE3 /* User.swift in Sources */,
				BEB82E86290821AC0075E6D9 /* LoginViewController.swift in Sources */,
				BE613390292BA01700A28AE3 /* Endpoint.swift in Sources */,
				BE19CDCB292980F300273776 /* AuthManager.swift in Sources */,
				BE812AE429339F1D00F1AB94 /* BaseViewController.swift in Sources */,
				BEDBB99E292E61B5006023E9 /* UIViewController+Helper.swift in Sources */,
				BEB82E82290821AC0075E6D9 /* AppDelegate.swift in Sources */,
				BE5EDBA9290AFB3100C994A4 /* SignUpViewController.swift in Sources */,
				BE709BFD292D15F2005ADA33 /* ViewControllerFactoring.swift in Sources */,
				BE613398292BB6CC00A28AE3 /* TodoAPIClient.swift in Sources */,
				BE613394292BA49500A28AE3 /* UserEndpoint.swift in Sources */,
				BE5EDBAB290B038D00C994A4 /* ViewCodeBuildable.swift in Sources */,
				BE709BFF292D1677005ADA33 /* LoginVCFactory.swift in Sources */,
				BE61339B292BBDCC00A28AE3 /* UserService.swift in Sources */,
				BEB82E84290821AC0075E6D9 /* SceneDelegate.swift in Sources */,
				BE19CDC629297F2500273776 /* APIClient.swift in Sources */,
				BE19CDC929297F8300273776 /* AuthManaging.swift in Sources */,
				BE6133A4292BC70000A28AE3 /* UserService+Rx.swift in Sources */,
				BE6133A1292BC4FB00A28AE3 /* User+Decodable.swift in Sources */,
			);
			runOnlyForDeploymentPostprocessing = 0;
		};
/* End PBXSourcesBuildPhase section */

/* Begin PBXVariantGroup section */
		BEB82E8C290821B60075E6D9 /* LaunchScreen.storyboard */ = {
			isa = PBXVariantGroup;
			children = (
				BEB82E8D290821B60075E6D9 /* Base */,
			);
			name = LaunchScreen.storyboard;
			sourceTree = "<group>";
		};
/* End PBXVariantGroup section */

/* Begin XCBuildConfiguration section */
		BEB82E90290821B60075E6D9 /* Debug */ = {
			isa = XCBuildConfiguration;
			buildSettings = {
				ALWAYS_SEARCH_USER_PATHS = NO;
				CLANG_ANALYZER_NONNULL = YES;
				CLANG_ANALYZER_NUMBER_OBJECT_CONVERSION = YES_AGGRESSIVE;
				CLANG_CXX_LANGUAGE_STANDARD = "gnu++17";
				CLANG_ENABLE_MODULES = YES;
				CLANG_ENABLE_OBJC_ARC = YES;
				CLANG_ENABLE_OBJC_WEAK = YES;
				CLANG_WARN_BLOCK_CAPTURE_AUTORELEASING = YES;
				CLANG_WARN_BOOL_CONVERSION = YES;
				CLANG_WARN_COMMA = YES;
				CLANG_WARN_CONSTANT_CONVERSION = YES;
				CLANG_WARN_DEPRECATED_OBJC_IMPLEMENTATIONS = YES;
				CLANG_WARN_DIRECT_OBJC_ISA_USAGE = YES_ERROR;
				CLANG_WARN_DOCUMENTATION_COMMENTS = YES;
				CLANG_WARN_EMPTY_BODY = YES;
				CLANG_WARN_ENUM_CONVERSION = YES;
				CLANG_WARN_INFINITE_RECURSION = YES;
				CLANG_WARN_INT_CONVERSION = YES;
				CLANG_WARN_NON_LITERAL_NULL_CONVERSION = YES;
				CLANG_WARN_OBJC_IMPLICIT_RETAIN_SELF = YES;
				CLANG_WARN_OBJC_LITERAL_CONVERSION = YES;
				CLANG_WARN_OBJC_ROOT_CLASS = YES_ERROR;
				CLANG_WARN_QUOTED_INCLUDE_IN_FRAMEWORK_HEADER = YES;
				CLANG_WARN_RANGE_LOOP_ANALYSIS = YES;
				CLANG_WARN_STRICT_PROTOTYPES = YES;
				CLANG_WARN_SUSPICIOUS_MOVE = YES;
				CLANG_WARN_UNGUARDED_AVAILABILITY = YES_AGGRESSIVE;
				CLANG_WARN_UNREACHABLE_CODE = YES;
				CLANG_WARN__DUPLICATE_METHOD_MATCH = YES;
				COPY_PHASE_STRIP = NO;
				DEBUG_INFORMATION_FORMAT = dwarf;
				ENABLE_STRICT_OBJC_MSGSEND = YES;
				ENABLE_TESTABILITY = YES;
				GCC_C_LANGUAGE_STANDARD = gnu11;
				GCC_DYNAMIC_NO_PIC = NO;
				GCC_NO_COMMON_BLOCKS = YES;
				GCC_OPTIMIZATION_LEVEL = 0;
				GCC_PREPROCESSOR_DEFINITIONS = (
					"DEBUG=1",
					"$(inherited)",
				);
				GCC_WARN_64_TO_32_BIT_CONVERSION = YES;
				GCC_WARN_ABOUT_RETURN_TYPE = YES_ERROR;
				GCC_WARN_UNDECLARED_SELECTOR = YES;
				GCC_WARN_UNINITIALIZED_AUTOS = YES_AGGRESSIVE;
				GCC_WARN_UNUSED_FUNCTION = YES;
				GCC_WARN_UNUSED_VARIABLE = YES;
				IPHONEOS_DEPLOYMENT_TARGET = 15.5;
				MTL_ENABLE_DEBUG_INFO = INCLUDE_SOURCE;
				MTL_FAST_MATH = YES;
				ONLY_ACTIVE_ARCH = YES;
				SDKROOT = iphoneos;
				SWIFT_ACTIVE_COMPILATION_CONDITIONS = DEBUG;
				SWIFT_OPTIMIZATION_LEVEL = "-Onone";
			};
			name = Debug;
		};
		BEB82E91290821B60075E6D9 /* Release */ = {
			isa = XCBuildConfiguration;
			buildSettings = {
				ALWAYS_SEARCH_USER_PATHS = NO;
				CLANG_ANALYZER_NONNULL = YES;
				CLANG_ANALYZER_NUMBER_OBJECT_CONVERSION = YES_AGGRESSIVE;
				CLANG_CXX_LANGUAGE_STANDARD = "gnu++17";
				CLANG_ENABLE_MODULES = YES;
				CLANG_ENABLE_OBJC_ARC = YES;
				CLANG_ENABLE_OBJC_WEAK = YES;
				CLANG_WARN_BLOCK_CAPTURE_AUTORELEASING = YES;
				CLANG_WARN_BOOL_CONVERSION = YES;
				CLANG_WARN_COMMA = YES;
				CLANG_WARN_CONSTANT_CONVERSION = YES;
				CLANG_WARN_DEPRECATED_OBJC_IMPLEMENTATIONS = YES;
				CLANG_WARN_DIRECT_OBJC_ISA_USAGE = YES_ERROR;
				CLANG_WARN_DOCUMENTATION_COMMENTS = YES;
				CLANG_WARN_EMPTY_BODY = YES;
				CLANG_WARN_ENUM_CONVERSION = YES;
				CLANG_WARN_INFINITE_RECURSION = YES;
				CLANG_WARN_INT_CONVERSION = YES;
				CLANG_WARN_NON_LITERAL_NULL_CONVERSION = YES;
				CLANG_WARN_OBJC_IMPLICIT_RETAIN_SELF = YES;
				CLANG_WARN_OBJC_LITERAL_CONVERSION = YES;
				CLANG_WARN_OBJC_ROOT_CLASS = YES_ERROR;
				CLANG_WARN_QUOTED_INCLUDE_IN_FRAMEWORK_HEADER = YES;
				CLANG_WARN_RANGE_LOOP_ANALYSIS = YES;
				CLANG_WARN_STRICT_PROTOTYPES = YES;
				CLANG_WARN_SUSPICIOUS_MOVE = YES;
				CLANG_WARN_UNGUARDED_AVAILABILITY = YES_AGGRESSIVE;
				CLANG_WARN_UNREACHABLE_CODE = YES;
				CLANG_WARN__DUPLICATE_METHOD_MATCH = YES;
				COPY_PHASE_STRIP = NO;
				DEBUG_INFORMATION_FORMAT = "dwarf-with-dsym";
				ENABLE_NS_ASSERTIONS = NO;
				ENABLE_STRICT_OBJC_MSGSEND = YES;
				GCC_C_LANGUAGE_STANDARD = gnu11;
				GCC_NO_COMMON_BLOCKS = YES;
				GCC_WARN_64_TO_32_BIT_CONVERSION = YES;
				GCC_WARN_ABOUT_RETURN_TYPE = YES_ERROR;
				GCC_WARN_UNDECLARED_SELECTOR = YES;
				GCC_WARN_UNINITIALIZED_AUTOS = YES_AGGRESSIVE;
				GCC_WARN_UNUSED_FUNCTION = YES;
				GCC_WARN_UNUSED_VARIABLE = YES;
				IPHONEOS_DEPLOYMENT_TARGET = 15.5;
				MTL_ENABLE_DEBUG_INFO = NO;
				MTL_FAST_MATH = YES;
				SDKROOT = iphoneos;
				SWIFT_COMPILATION_MODE = wholemodule;
				SWIFT_OPTIMIZATION_LEVEL = "-O";
				VALIDATE_PRODUCT = YES;
			};
			name = Release;
		};
		BEB82E93290821B60075E6D9 /* Debug */ = {
			isa = XCBuildConfiguration;
			baseConfigurationReference = DDFD253FA1FDE57C016E64BE /* Pods-RxSwift-Study.debug.xcconfig */;
			buildSettings = {
				API_URL = "http://todo.mateusbrigido.com/api/v1";
				ASSETCATALOG_COMPILER_APPICON_NAME = AppIcon;
				ASSETCATALOG_COMPILER_GLOBAL_ACCENT_COLOR_NAME = AccentColor;
				CODE_SIGN_STYLE = Automatic;
				CURRENT_PROJECT_VERSION = 1;
				GENERATE_INFOPLIST_FILE = YES;
				INFOPLIST_FILE = "RxSwift-Study/Info.plist";
				INFOPLIST_KEY_UIApplicationSupportsIndirectInputEvents = YES;
				INFOPLIST_KEY_UILaunchStoryboardName = LaunchScreen;
				INFOPLIST_KEY_UISupportedInterfaceOrientations_iPad = "UIInterfaceOrientationPortrait UIInterfaceOrientationPortraitUpsideDown UIInterfaceOrientationLandscapeLeft UIInterfaceOrientationLandscapeRight";
				INFOPLIST_KEY_UISupportedInterfaceOrientations_iPhone = "UIInterfaceOrientationPortrait UIInterfaceOrientationLandscapeLeft UIInterfaceOrientationLandscapeRight";
				LD_RUNPATH_SEARCH_PATHS = (
					"$(inherited)",
					"@executable_path/Frameworks",
				);
				MARKETING_VERSION = 1.0;
				PRODUCT_BUNDLE_IDENTIFIER = "com.raphael.RxSwift-Study";
				PRODUCT_NAME = "$(TARGET_NAME)";
				SWIFT_EMIT_LOC_STRINGS = YES;
				SWIFT_VERSION = 5.0;
				TARGETED_DEVICE_FAMILY = "1,2";
			};
			name = Debug;
		};
		BEB82E94290821B60075E6D9 /* Release */ = {
			isa = XCBuildConfiguration;
			baseConfigurationReference = 97F1BE09D57C0B2CF355369F /* Pods-RxSwift-Study.release.xcconfig */;
			buildSettings = {
				API_URL = "http://todo.mateusbrigido.com/api/v1";
				ASSETCATALOG_COMPILER_APPICON_NAME = AppIcon;
				ASSETCATALOG_COMPILER_GLOBAL_ACCENT_COLOR_NAME = AccentColor;
				CODE_SIGN_STYLE = Automatic;
				CURRENT_PROJECT_VERSION = 1;
				GENERATE_INFOPLIST_FILE = YES;
				INFOPLIST_FILE = "RxSwift-Study/Info.plist";
				INFOPLIST_KEY_UIApplicationSupportsIndirectInputEvents = YES;
				INFOPLIST_KEY_UILaunchStoryboardName = LaunchScreen;
				INFOPLIST_KEY_UISupportedInterfaceOrientations_iPad = "UIInterfaceOrientationPortrait UIInterfaceOrientationPortraitUpsideDown UIInterfaceOrientationLandscapeLeft UIInterfaceOrientationLandscapeRight";
				INFOPLIST_KEY_UISupportedInterfaceOrientations_iPhone = "UIInterfaceOrientationPortrait UIInterfaceOrientationLandscapeLeft UIInterfaceOrientationLandscapeRight";
				LD_RUNPATH_SEARCH_PATHS = (
					"$(inherited)",
					"@executable_path/Frameworks",
				);
				MARKETING_VERSION = 1.0;
				PRODUCT_BUNDLE_IDENTIFIER = "com.raphael.RxSwift-Study";
				PRODUCT_NAME = "$(TARGET_NAME)";
				SWIFT_EMIT_LOC_STRINGS = YES;
				SWIFT_VERSION = 5.0;
				TARGETED_DEVICE_FAMILY = "1,2";
			};
			name = Release;
		};
/* End XCBuildConfiguration section */

/* Begin XCConfigurationList section */
		BEB82E79290821AC0075E6D9 /* Build configuration list for PBXProject "RxSwift-Study" */ = {
			isa = XCConfigurationList;
			buildConfigurations = (
				BEB82E90290821B60075E6D9 /* Debug */,
				BEB82E91290821B60075E6D9 /* Release */,
			);
			defaultConfigurationIsVisible = 0;
			defaultConfigurationName = Release;
		};
		BEB82E92290821B60075E6D9 /* Build configuration list for PBXNativeTarget "RxSwift-Study" */ = {
			isa = XCConfigurationList;
			buildConfigurations = (
				BEB82E93290821B60075E6D9 /* Debug */,
				BEB82E94290821B60075E6D9 /* Release */,
			);
			defaultConfigurationIsVisible = 0;
			defaultConfigurationName = Release;
		};
/* End XCConfigurationList section */
	};
	rootObject = BEB82E76290821AC0075E6D9 /* Project object */;
}
